
Microsoft Visual Studio Solution File, Format Version 12.00
# Visual Studio Version 16
VisualStudioVersion = 16.0.29215.179
MinimumVisualStudioVersion = 10.0.40219.1
Project("{FAE04EC0-301F-11D3-BF4B-00C04F79EFBC}") = "Chapter06Program01", "Chapter06Program01\Chapter06Program01.csproj", "{2002A0F2-C662-4BD7-847A-2501CC0630D8}"
EndProject
Global
	GlobalSection(SolutionConfigurationPlatforms) = preSolution
		Debug|Any CPU = Debug|Any CPU
		Release|Any CPU = Release|Any CPU
	EndGlobalSection
	GlobalSection(ProjectConfigurationPlatforms) = postSolution
		{2002A0F2-C662-4BD7-847A-2501CC0630D8}.Debug|Any CPU.ActiveCfg = Debug|Any CPU
		{2002A0F2-C662-4BD7-847A-2501CC0630D8}.Debug|Any CPU.Build.0 = Debug|Any CPU
		{2002A0F2-C662-4BD7-847A-2501CC0630D8}.Release|Any CPU.ActiveCfg = Release|Any CPU
		{2002A0F2-C662-4BD7-847A-2501CC0630D8}.Release|Any CPU.Build.0 = Release|Any CPU
	EndGlobalSection
	GlobalSection(SolutionProperties) = preSolution
		HideSolutionNode = FALSE
	EndGlobalSection
	GlobalSection(ExtensibilityGlobals) = postSolution
		SolutionGuid = {2E9F7333-A54E-49AA-8FE8-2F5A2DCB5EAA}
	EndGlobalSection
EndGlobal
